PODS:
  - audio_service (0.0.1):
    - Flutter
    - FlutterMacOS
  - audio_session (0.0.1):
    - Flutter
  - battery_plus (1.0.0):
    - Flutter
  - device_info_plus (0.0.1):
    - Flutter
  - DKImagePickerController/Core (4.3.9):
    - DKImagePickerController/ImageDataManager
    - DKImagePickerController/Resource
  - DKImagePickerController/ImageDataManager (4.3.9)
  - DKImagePickerController/PhotoGallery (4.3.9):
    - DKImagePickerController/Core
    - DKPhotoGallery
  - DKImagePickerController/Resource (4.3.9)
  - DKPhotoGallery (0.0.19):
    - DKPhotoGallery/Core (= 0.0.19)
    - DKPhotoGallery/Model (= 0.0.19)
    - DKPhotoGallery/Preview (= 0.0.19)
    - DKPhotoGallery/Resource (= 0.0.19)
    - SDWebImage
    - SwiftyGif
  - DKPhotoGallery/Core (0.0.19):
    - DKPhotoGallery/Model
    - DKPhotoGallery/Preview
    - SDWebImage
    - SwiftyGif
  - DKPhotoGallery/Model (0.0.19):
    - SDWebImage
    - SwiftyGif
  - DKPhotoGallery/Preview (0.0.19):
    - DKPhotoGallery/Model
    - DKPhotoGallery/Resource
    - SDWebImage
    - SwiftyGif
  - DKPhotoGallery/Resource (0.0.19):
    - SDWebImage
    - SwiftyGif
  - file_picker (0.0.1):
    - DKImagePickerController/PhotoGallery
    - Flutter
  - Flutter (1.0.0)
  - just_audio (0.0.1):
    - Flutter
    - FlutterMacOS
  - on_audio_query_ios (0.0.1):
    - Flutter
    - SwiftyBeaver
  - path_provider_foundation (0.0.1):
    - Flutter
    - FlutterMacOS
  - permission_handler_apple (9.3.0):
    - Flutter
  - SDWebImage (5.21.3):
    - SDWebImage/Core (= 5.21.3)
  - SDWebImage/Core (5.21.3)
  - shared_preferences_foundation (0.0.1):
    - Flutter
    - FlutterMacOS
  - sqflite_darwin (0.0.4):
    - Flutter
    - FlutterMacOS
  - SwiftyBeaver (1.9.5)
  - SwiftyGif (5.4.5)
  - url_launcher_ios (0.0.1):
    - Flutter
  - vibration (3.0.0):
    - Flutter
  - volume_controller (0.0.1):
    - Flutter

DEPENDENCIES:
  - audio_service (from `.symlinks/plugins/audio_service/darwin`)
  - audio_session (from `.symlinks/plugins/audio_session/ios`)
  - battery_plus (from `.symlinks/plugins/battery_plus/ios`)
  - device_info_plus (from `.symlinks/plugins/device_info_plus/ios`)
  - file_picker (from `.symlinks/plugins/file_picker/ios`)
  - Flutter (from `Flutter`)
  - just_audio (from `.symlinks/plugins/just_audio/darwin`)
  - on_audio_query_ios (from `.symlinks/plugins/on_audio_query_ios/ios`)
  - path_provider_foundation (from `.symlinks/plugins/path_provider_foundation/darwin`)
  - permission_handler_apple (from `.symlinks/plugins/permission_handler_apple/ios`)
  - shared_preferences_foundation (from `.symlinks/plugins/shared_preferences_foundation/darwin`)
  - sqflite_darwin (from `.symlinks/plugins/sqflite_darwin/darwin`)
  - url_launcher_ios (from `.symlinks/plugins/url_launcher_ios/ios`)
  - vibration (from `.symlinks/plugins/vibration/ios`)
  - volume_controller (from `.symlinks/plugins/volume_controller/ios`)

SPEC REPOS:
  trunk:
    - DKImagePickerController
    - DKPhotoGallery
    - SDWebImage
    - SwiftyBeaver
    - SwiftyGif

EXTERNAL SOURCES:
  audio_service:
    :path: ".symlinks/plugins/audio_service/darwin"
  audio_session:
    :path: ".symlinks/plugins/audio_session/ios"
  battery_plus:
    :path: ".symlinks/plugins/battery_plus/ios"
  device_info_plus:
    :path: ".symlinks/plugins/device_info_plus/ios"
  file_picker:
    :path: ".symlinks/plugins/file_picker/ios"
  Flutter:
    :path: Flutter
  just_audio:
    :path: ".symlinks/plugins/just_audio/darwin"
  on_audio_query_ios:
    :path: ".symlinks/plugins/on_audio_query_ios/ios"
  path_provider_foundation:
    :path: ".symlinks/plugins/path_provider_foundation/darwin"
  permission_handler_apple:
    :path: ".symlinks/plugins/permission_handler_apple/ios"
  shared_preferences_foundation:
    :path: ".symlinks/plugins/shared_preferences_foundation/darwin"
  sqflite_darwin:
    :path: ".symlinks/plugins/sqflite_darwin/darwin"
  url_launcher_ios:
    :path: ".symlinks/plugins/url_launcher_ios/ios"
  vibration:
    :path: ".symlinks/plugins/vibration/ios"
  volume_controller:
    :path: ".symlinks/plugins/volume_controller/ios"

SPEC CHECKSUMS:
  audio_service: aa99a6ba2ae7565996015322b0bb024e1d25c6fd
  audio_session: 9bb7f6c970f21241b19f5a3658097ae459681ba0
  battery_plus: b42253f6d2dde71712f8c36fef456d99121c5977
  device_info_plus: 21fcca2080fbcd348be798aa36c3e5ed849eefbe
  DKImagePickerController: 946cec48c7873164274ecc4624d19e3da4c1ef3c
  DKPhotoGallery: b3834fecb755ee09a593d7c9e389d8b5d6deed60
  file_picker: a0560bc09d61de87f12d246fc47d2119e6ef37be
  Flutter: cabc95a1d2626b1b06e7179b784ebcf0c0cde467
  just_audio: 4e391f57b79cad2b0674030a00453ca5ce817eed
  on_audio_query_ios: 28a780e2d0d85d92d500ba6e12c6c8167022b2fa
  path_provider_foundation: bb55f6dbba17d0dccd6737fe6f7f34fbd0376880
  permission_handler_apple: 4ed2196e43d0651e8ff7ca3483a069d469701f2d
  SDWebImage: 16309af6d214ba3f77a7c6f6fdda888cb313a50a
  shared_preferences_foundation: 7036424c3d8ec98dfe75ff1667cb0cd531ec82bb
  sqflite_darwin: 20b2a3a3b70e43edae938624ce550a3cbf66a3d0
  SwiftyBeaver: 84069991dd5dca07d7069100985badaca7f0ce82
  SwiftyGif: 706c60cf65fa2bc5ee0313beece843c8eb8194d4
  url_launcher_ios: 7a95fa5b60cc718a708b8f2966718e93db0cef1b
  vibration: 69774ad57825b11c951ee4c46155f455d7a592ce
  volume_controller: 3657a1f65bedb98fa41ff7dc5793537919f31b12

PODFILE CHECKSUM: 3c63482e143d1b91d2d2560aee9fb04ecc74ac7e

COCOAPODS: 1.16.2
